
Microsoft Visual Studio Solution File, Format Version 12.00
# Visual Studio Version 16
VisualStudioVersion = 16.0.29806.167
MinimumVisualStudioVersion = 10.0.40219.1
Project("{FAE04EC0-301F-11D3-BF4B-00C04F79EFBC}") = "Clases", "Clases\Clases.csproj", "{B663B075-1AA7-454E-9535-F9540BDE0DDB}"
EndProject
Global
	GlobalSection(SolutionConfigurationPlatforms) = preSolution
		Debug|Any CPU = Debug|Any CPU
		Release|Any CPU = Release|Any CPU
	EndGlobalSection
	GlobalSection(ProjectConfigurationPlatforms) = postSolution
		{B663B075-1AA7-454E-9535-F9540BDE0DDB}.Debug|Any CPU.ActiveCfg = Debug|Any CPU
		{B663B075-1AA7-454E-9535-F9540BDE0DDB}.Debug|Any CPU.Build.0 = Debug|Any CPU
		{B663B075-1AA7-454E-9535-F9540BDE0DDB}.Release|Any CPU.ActiveCfg = Release|Any CPU
		{B663B075-1AA7-454E-9535-F9540BDE0DDB}.Release|Any CPU.Build.0 = Release|Any CPU
	EndGlobalSection
	GlobalSection(SolutionProperties) = preSolution
		HideSolutionNode = FALSE
	EndGlobalSection
	GlobalSection(ExtensibilityGlobals) = postSolution
		SolutionGuid = {7894E56F-FA38-4837-9EC5-F5F6849829D7}
	EndGlobalSection
EndGlobal
